
Microsoft Visual Studio Solution File, Format Version 12.00
# Visual Studio 15
VisualStudioVersion = 15.0.27703.2000
MinimumVisualStudioVersion = 10.0.40219.1
Project("{9A19103F-16F7-4668-BE54-9A1E7A4F7556}") = "Client.SPA", "Client.SPA\Client.SPA.csproj", "{449340B7-22CB-4EA2-B7C1-FFBBA7EF158B}"
EndProject
Project("{9A19103F-16F7-4668-BE54-9A1E7A4F7556}") = "Demo.IdentityProvider", "Demo.IdentityProvider\Demo.IdentityProvider.csproj", "{7B92CCAE-E9F6-4499-BFC2-E12A19F40C98}"
EndProject
Project("{FAE04EC0-301F-11D3-BF4B-00C04F79EFBC}") = "Demo.API", "Demo.API\Demo.API.csproj", "{C6915686-F3A1-41BF-A9A8-B9E711C98B9D}"
EndProject
Project("{FAE04EC0-301F-11D3-BF4B-00C04F79EFBC}") = "Shared", "Shared\Shared.csproj", "{A543499D-BF53-420C-AC37-5436A6228549}"
EndProject
Global
	GlobalSection(SolutionConfigurationPlatforms) = preSolution
		Debug|Any CPU = Debug|Any CPU
		Release|Any CPU = Release|Any CPU
	EndGlobalSection
	GlobalSection(ProjectConfigurationPlatforms) = postSolution
		{449340B7-22CB-4EA2-B7C1-FFBBA7EF158B}.Debug|Any CPU.ActiveCfg = Debug|Any CPU
		{449340B7-22CB-4EA2-B7C1-FFBBA7EF158B}.Debug|Any CPU.Build.0 = Debug|Any CPU
		{449340B7-22CB-4EA2-B7C1-FFBBA7EF158B}.Release|Any CPU.ActiveCfg = Release|Any CPU
		{449340B7-22CB-4EA2-B7C1-FFBBA7EF158B}.Release|Any CPU.Build.0 = Release|Any CPU
		{7B92CCAE-E9F6-4499-BFC2-E12A19F40C98}.Debug|Any CPU.ActiveCfg = Debug|Any CPU
		{7B92CCAE-E9F6-4499-BFC2-E12A19F40C98}.Debug|Any CPU.Build.0 = Debug|Any CPU
		{7B92CCAE-E9F6-4499-BFC2-E12A19F40C98}.Release|Any CPU.ActiveCfg = Release|Any CPU
		{7B92CCAE-E9F6-4499-BFC2-E12A19F40C98}.Release|Any CPU.Build.0 = Release|Any CPU
		{C6915686-F3A1-41BF-A9A8-B9E711C98B9D}.Debug|Any CPU.ActiveCfg = Debug|Any CPU
		{C6915686-F3A1-41BF-A9A8-B9E711C98B9D}.Debug|Any CPU.Build.0 = Debug|Any CPU
		{C6915686-F3A1-41BF-A9A8-B9E711C98B9D}.Release|Any CPU.ActiveCfg = Release|Any CPU
		{C6915686-F3A1-41BF-A9A8-B9E711C98B9D}.Release|Any CPU.Build.0 = Release|Any CPU
		{A543499D-BF53-420C-AC37-5436A6228549}.Debug|Any CPU.ActiveCfg = Debug|Any CPU
		{A543499D-BF53-420C-AC37-5436A6228549}.Debug|Any CPU.Build.0 = Debug|Any CPU
		{A543499D-BF53-420C-AC37-5436A6228549}.Release|Any CPU.ActiveCfg = Release|Any CPU
		{A543499D-BF53-420C-AC37-5436A6228549}.Release|Any CPU.Build.0 = Release|Any CPU
	EndGlobalSection
	GlobalSection(SolutionProperties) = preSolution
		HideSolutionNode = FALSE
	EndGlobalSection
	GlobalSection(ExtensibilityGlobals) = postSolution
		SolutionGuid = {9384367D-6BC6-480E-B309-3635E324B5DE}
	EndGlobalSection
EndGlobal
